
Microsoft Visual Studio Solution File, Format Version 12.00
# Visual Studio 15
VisualStudioVersion = 15.0.26124.0
MinimumVisualStudioVersion = 15.0.26124.0
Project("{9A19103F-16F7-4668-BE54-9A1E7A4F7556}") = "BeBlue.Api.VinylShop.DataLayer", "BeBlue.Api.VinylShop.DataLayer\BeBlue.Api.VinylShop.DataLayer.csproj", "{8F94DF51-3E2E-418C-AA1A-0931143B2A11}"
EndProject
Project("{9A19103F-16F7-4668-BE54-9A1E7A4F7556}") = "BeBlue.Api.VinylShop.DomainModel", "BeBlue.Api.VinylShop.DomainModel\BeBlue.Api.VinylShop.DomainModel.csproj", "{E3161E26-28CA-4ED1-A38C-5475F2D01278}"
EndProject
Project("{9A19103F-16F7-4668-BE54-9A1E7A4F7556}") = "BeBlue.Api.VinylShop.ExternalServices", "BeBlue.Api.VinylShop.ExternalServices\BeBlue.Api.VinylShop.ExternalServices.csproj", "{3A83E1DF-613B-4955-9850-3C35FCBD2EB1}"
EndProject
Project("{9A19103F-16F7-4668-BE54-9A1E7A4F7556}") = "BeBlue.Api.VinylShop.Presentation", "BeBlue.Api.VinylShop.Presentation\BeBlue.Api.VinylShop.Presentation.csproj", "{A314CDA9-0DDE-4A4D-9230-2C43D35A2B2F}"
EndProject
Project("{9A19103F-16F7-4668-BE54-9A1E7A4F7556}") = "BeBlue.Api.VinylShop.Tests", "BeBlue.Api.VinylShop.Tests\BeBlue.Api.VinylShop.Tests.csproj", "{40B21A4E-5090-4BF7-BFBF-C65490D8BECB}"
EndProject
Project("{E53339B2-1760-4266-BCC7-CA923CBCF16C}") = "docker-compose", "docker-compose.dcproj", "{BEBE19CC-47F2-4ABE-B5B6-68066A32D679}"
EndProject
Project("{FAE04EC0-301F-11D3-BF4B-00C04F79EFBC}") = "BeBlue.Api.VinylShop.LogicLayer", "BeBlue.Api.VinylShop.LogicLayer\BeBlue.Api.VinylShop.LogicLayer.csproj", "{35166EE5-8668-44B2-8E5A-85D4C5E519C2}"
EndProject
Project("{FAE04EC0-301F-11D3-BF4B-00C04F79EFBC}") = "BeBlue.Api.VinylShop.LogicLayer.Tests", "BeBlue.Api.VinylShop.LogicLayer.Tests\BeBlue.Api.VinylShop.LogicLayer.Tests.csproj", "{8D2E53AE-F42C-4292-8A87-E418900CD31B}"
EndProject
Global
	GlobalSection(SolutionConfigurationPlatforms) = preSolution
		Debug|Any CPU = Debug|Any CPU
		Debug|x64 = Debug|x64
		Debug|x86 = Debug|x86
		Release|Any CPU = Release|Any CPU
		Release|x64 = Release|x64
		Release|x86 = Release|x86
	EndGlobalSection
	GlobalSection(ProjectConfigurationPlatforms) = postSolution
		{8F94DF51-3E2E-418C-AA1A-0931143B2A11}.Debug|Any CPU.ActiveCfg = Debug|Any CPU
		{8F94DF51-3E2E-418C-AA1A-0931143B2A11}.Debug|Any CPU.Build.0 = Debug|Any CPU
		{8F94DF51-3E2E-418C-AA1A-0931143B2A11}.Debug|x64.ActiveCfg = Debug|Any CPU
		{8F94DF51-3E2E-418C-AA1A-0931143B2A11}.Debug|x64.Build.0 = Debug|Any CPU
		{8F94DF51-3E2E-418C-AA1A-0931143B2A11}.Debug|x86.ActiveCfg = Debug|Any CPU
		{8F94DF51-3E2E-418C-AA1A-0931143B2A11}.Debug|x86.Build.0 = Debug|Any CPU
		{8F94DF51-3E2E-418C-AA1A-0931143B2A11}.Release|Any CPU.ActiveCfg = Release|Any CPU
		{8F94DF51-3E2E-418C-AA1A-0931143B2A11}.Release|Any CPU.Build.0 = Release|Any CPU
		{8F94DF51-3E2E-418C-AA1A-0931143B2A11}.Release|x64.ActiveCfg = Release|Any CPU
		{8F94DF51-3E2E-418C-AA1A-0931143B2A11}.Release|x64.Build.0 = Release|Any CPU
		{8F94DF51-3E2E-418C-AA1A-0931143B2A11}.Release|x86.ActiveCfg = Release|Any CPU
		{8F94DF51-3E2E-418C-AA1A-0931143B2A11}.Release|x86.Build.0 = Release|Any CPU
		{E3161E26-28CA-4ED1-A38C-5475F2D01278}.Debug|Any CPU.ActiveCfg = Debug|Any CPU
		{E3161E26-28CA-4ED1-A38C-5475F2D01278}.Debug|Any CPU.Build.0 = Debug|Any CPU
		{E3161E26-28CA-4ED1-A38C-5475F2D01278}.Debug|x64.ActiveCfg = Debug|Any CPU
		{E3161E26-28CA-4ED1-A38C-5475F2D01278}.Debug|x64.Build.0 = Debug|Any CPU
		{E3161E26-28CA-4ED1-A38C-5475F2D01278}.Debug|x86.ActiveCfg = Debug|Any CPU
		{E3161E26-28CA-4ED1-A38C-5475F2D01278}.Debug|x86.Build.0 = Debug|Any CPU
		{E3161E26-28CA-4ED1-A38C-5475F2D01278}.Release|Any CPU.ActiveCfg = Release|Any CPU
		{E3161E26-28CA-4ED1-A38C-5475F2D01278}.Release|Any CPU.Build.0 = Release|Any CPU
		{E3161E26-28CA-4ED1-A38C-5475F2D01278}.Release|x64.ActiveCfg = Release|Any CPU
		{E3161E26-28CA-4ED1-A38C-5475F2D01278}.Release|x64.Build.0 = Release|Any CPU
		{E3161E26-28CA-4ED1-A38C-5475F2D01278}.Release|x86.ActiveCfg = Release|Any CPU
		{E3161E26-28CA-4ED1-A38C-5475F2D01278}.Release|x86.Build.0 = Release|Any CPU
		{3A83E1DF-613B-4955-9850-3C35FCBD2EB1}.Debug|Any CPU.ActiveCfg = Debug|Any CPU
		{3A83E1DF-613B-4955-9850-3C35FCBD2EB1}.Debug|Any CPU.Build.0 = Debug|Any CPU
		{3A83E1DF-613B-4955-9850-3C35FCBD2EB1}.Debug|x64.ActiveCfg = Debug|Any CPU
		{3A83E1DF-613B-4955-9850-3C35FCBD2EB1}.Debug|x64.Build.0 = Debug|Any CPU
		{3A83E1DF-613B-4955-9850-3C35FCBD2EB1}.Debug|x86.ActiveCfg = Debug|Any CPU
		{3A83E1DF-613B-4955-9850-3C35FCBD2EB1}.Debug|x86.Build.0 = Debug|Any CPU
		{3A83E1DF-613B-4955-9850-3C35FCBD2EB1}.Release|Any CPU.ActiveCfg = Release|Any CPU
		{3A83E1DF-613B-4955-9850-3C35FCBD2EB1}.Release|Any CPU.Build.0 = Release|Any CPU
		{3A83E1DF-613B-4955-9850-3C35FCBD2EB1}.Release|x64.ActiveCfg = Release|Any CPU
		{3A83E1DF-613B-4955-9850-3C35FCBD2EB1}.Release|x64.Build.0 = Release|Any CPU
		{3A83E1DF-613B-4955-9850-3C35FCBD2EB1}.Release|x86.ActiveCfg = Release|Any CPU
		{3A83E1DF-613B-4955-9850-3C35FCBD2EB1}.Release|x86.Build.0 = Release|Any CPU
		{A314CDA9-0DDE-4A4D-9230-2C43D35A2B2F}.Debug|Any CPU.ActiveCfg = Debug|Any CPU
		{A314CDA9-0DDE-4A4D-9230-2C43D35A2B2F}.Debug|Any CPU.Build.0 = Debug|Any CPU
		{A314CDA9-0DDE-4A4D-9230-2C43D35A2B2F}.Debug|x64.ActiveCfg = Debug|Any CPU
		{A314CDA9-0DDE-4A4D-9230-2C43D35A2B2F}.Debug|x64.Build.0 = Debug|Any CPU
		{A314CDA9-0DDE-4A4D-9230-2C43D35A2B2F}.Debug|x86.ActiveCfg = Debug|Any CPU
		{A314CDA9-0DDE-4A4D-9230-2C43D35A2B2F}.Debug|x86.Build.0 = Debug|Any CPU
		{A314CDA9-0DDE-4A4D-9230-2C43D35A2B2F}.Release|Any CPU.ActiveCfg = Release|Any CPU
		{A314CDA9-0DDE-4A4D-9230-2C43D35A2B2F}.Release|Any CPU.Build.0 = Release|Any CPU
		{A314CDA9-0DDE-4A4D-9230-2C43D35A2B2F}.Release|x64.ActiveCfg = Release|Any CPU
		{A314CDA9-0DDE-4A4D-9230-2C43D35A2B2F}.Release|x64.Build.0 = Release|Any CPU
		{A314CDA9-0DDE-4A4D-9230-2C43D35A2B2F}.Release|x86.ActiveCfg = Release|Any CPU
		{A314CDA9-0DDE-4A4D-9230-2C43D35A2B2F}.Release|x86.Build.0 = Release|Any CPU
		{40B21A4E-5090-4BF7-BFBF-C65490D8BECB}.Debug|Any CPU.ActiveCfg = Debug|Any CPU
		{40B21A4E-5090-4BF7-BFBF-C65490D8BECB}.Debug|Any CPU.Build.0 = Debug|Any CPU
		{40B21A4E-5090-4BF7-BFBF-C65490D8BECB}.Debug|x64.ActiveCfg = Debug|Any CPU
		{40B21A4E-5090-4BF7-BFBF-C65490D8BECB}.Debug|x64.Build.0 = Debug|Any CPU
		{40B21A4E-5090-4BF7-BFBF-C65490D8BECB}.Debug|x86.ActiveCfg = Debug|Any CPU
		{40B21A4E-5090-4BF7-BFBF-C65490D8BECB}.Debug|x86.Build.0 = Debug|Any CPU
		{40B21A4E-5090-4BF7-BFBF-C65490D8BECB}.Release|Any CPU.ActiveCfg = Release|Any CPU
		{40B21A4E-5090-4BF7-BFBF-C65490D8BECB}.Release|Any CPU.Build.0 = Release|Any CPU
		{40B21A4E-5090-4BF7-BFBF-C65490D8BECB}.Release|x64.ActiveCfg = Release|Any CPU
		{40B21A4E-5090-4BF7-BFBF-C65490D8BECB}.Release|x64.Build.0 = Release|Any CPU
		{40B21A4E-5090-4BF7-BFBF-C65490D8BECB}.Release|x86.ActiveCfg = Release|Any CPU
		{40B21A4E-5090-4BF7-BFBF-C65490D8BECB}.Release|x86.Build.0 = Release|Any CPU
		{BEBE19CC-47F2-4ABE-B5B6-68066A32D679}.Debug|Any CPU.ActiveCfg = Debug|Any CPU
		{BEBE19CC-47F2-4ABE-B5B6-68066A32D679}.Debug|Any CPU.Build.0 = Debug|Any CPU
		{BEBE19CC-47F2-4ABE-B5B6-68066A32D679}.Debug|x64.ActiveCfg = Debug|Any CPU
		{BEBE19CC-47F2-4ABE-B5B6-68066A32D679}.Debug|x64.Build.0 = Debug|Any CPU
		{BEBE19CC-47F2-4ABE-B5B6-68066A32D679}.Debug|x86.ActiveCfg = Debug|Any CPU
		{BEBE19CC-47F2-4ABE-B5B6-68066A32D679}.Debug|x86.Build.0 = Debug|Any CPU
		{BEBE19CC-47F2-4ABE-B5B6-68066A32D679}.Release|Any CPU.ActiveCfg = Release|Any CPU
		{BEBE19CC-47F2-4ABE-B5B6-68066A32D679}.Release|Any CPU.Build.0 = Release|Any CPU
		{BEBE19CC-47F2-4ABE-B5B6-68066A32D679}.Release|x64.ActiveCfg = Release|Any CPU
		{BEBE19CC-47F2-4ABE-B5B6-68066A32D679}.Release|x64.Build.0 = Release|Any CPU
		{BEBE19CC-47F2-4ABE-B5B6-68066A32D679}.Release|x86.ActiveCfg = Release|Any CPU
		{BEBE19CC-47F2-4ABE-B5B6-68066A32D679}.Release|x86.Build.0 = Release|Any CPU
		{35166EE5-8668-44B2-8E5A-85D4C5E519C2}.Debug|Any CPU.ActiveCfg = Debug|Any CPU
		{35166EE5-8668-44B2-8E5A-85D4C5E519C2}.Debug|Any CPU.Build.0 = Debug|Any CPU
		{35166EE5-8668-44B2-8E5A-85D4C5E519C2}.Debug|x64.ActiveCfg = Debug|Any CPU
		{35166EE5-8668-44B2-8E5A-85D4C5E519C2}.Debug|x64.Build.0 = Debug|Any CPU
		{35166EE5-8668-44B2-8E5A-85D4C5E519C2}.Debug|x86.ActiveCfg = Debug|Any CPU
		{35166EE5-8668-44B2-8E5A-85D4C5E519C2}.Debug|x86.Build.0 = Debug|Any CPU
		{35166EE5-8668-44B2-8E5A-85D4C5E519C2}.Release|Any CPU.ActiveCfg = Release|Any CPU
		{35166EE5-8668-44B2-8E5A-85D4C5E519C2}.Release|Any CPU.Build.0 = Release|Any CPU
		{35166EE5-8668-44B2-8E5A-85D4C5E519C2}.Release|x64.ActiveCfg = Release|Any CPU
		{35166EE5-8668-44B2-8E5A-85D4C5E519C2}.Release|x64.Build.0 = Release|Any CPU
		{35166EE5-8668-44B2-8E5A-85D4C5E519C2}.Release|x86.ActiveCfg = Release|Any CPU
		{35166EE5-8668-44B2-8E5A-85D4C5E519C2}.Release|x86.Build.0 = Release|Any CPU
		{8D2E53AE-F42C-4292-8A87-E418900CD31B}.Debug|Any CPU.ActiveCfg = Debug|Any CPU
		{8D2E53AE-F42C-4292-8A87-E418900CD31B}.Debug|Any CPU.Build.0 = Debug|Any CPU
		{8D2E53AE-F42C-4292-8A87-E418900CD31B}.Debug|x64.ActiveCfg = Debug|Any CPU
		{8D2E53AE-F42C-4292-8A87-E418900CD31B}.Debug|x64.Build.0 = Debug|Any CPU
		{8D2E53AE-F42C-4292-8A87-E418900CD31B}.Debug|x86.ActiveCfg = Debug|Any CPU
		{8D2E53AE-F42C-4292-8A87-E418900CD31B}.Debug|x86.Build.0 = Debug|Any CPU
		{8D2E53AE-F42C-4292-8A87-E418900CD31B}.Release|Any CPU.ActiveCfg = Release|Any CPU
		{8D2E53AE-F42C-4292-8A87-E418900CD31B}.Release|Any CPU.Build.0 = Release|Any CPU
		{8D2E53AE-F42C-4292-8A87-E418900CD31B}.Release|x64.ActiveCfg = Release|Any CPU
		{8D2E53AE-F42C-4292-8A87-E418900CD31B}.Release|x64.Build.0 = Release|Any CPU
		{8D2E53AE-F42C-4292-8A87-E418900CD31B}.Release|x86.ActiveCfg = Release|Any CPU
		{8D2E53AE-F42C-4292-8A87-E418900CD31B}.Release|x86.Build.0 = Release|Any CPU
	EndGlobalSection
	GlobalSection(SolutionProperties) = preSolution
		HideSolutionNode = FALSE
	EndGlobalSection
	GlobalSection(ExtensibilityGlobals) = postSolution
		SolutionGuid = {44DE349A-88AF-418B-BFD8-569E0B91484F}
	EndGlobalSection
EndGlobal
